
Microsoft Visual Studio Solution File, Format Version 12.00
# Visual Studio Version 16
VisualStudioVersion = 16.0.35425.106
MinimumVisualStudioVersion = 10.0.40219.1
Project("{8BC9CEB8-8B4A-11D0-8D11-00A0C91BC942}") = "day0", "day0\day0.vcxproj", "{41C32713-C92A-466B-8711-75769D83121B}"
EndProject
Global
	GlobalSection(SolutionConfigurationPlatforms) = preSolution
		Debug|x64 = Debug|x64
		Debug|x86 = Debug|x86
		Release|x64 = Release|x64
		Release|x86 = Release|x86
	EndGlobalSection
	GlobalSection(ProjectConfigurationPlatforms) = postSolution
		{41C32713-C92A-466B-8711-75769D83121B}.Debug|x64.ActiveCfg = Debug|x64
		{41C32713-C92A-466B-8711-75769D83121B}.Debug|x64.Build.0 = Debug|x64
		{41C32713-C92A-466B-8711-75769D83121B}.Debug|x86.ActiveCfg = Debug|Win32
		{41C32713-C92A-466B-8711-75769D83121B}.Debug|x86.Build.0 = Debug|Win32
		{41C32713-C92A-466B-8711-75769D83121B}.Release|x64.ActiveCfg = Release|x64
		{41C32713-C92A-466B-8711-75769D83121B}.Release|x64.Build.0 = Release|x64
		{41C32713-C92A-466B-8711-75769D83121B}.Release|x86.ActiveCfg = Release|Win32
		{41C32713-C92A-466B-8711-75769D83121B}.Release|x86.Build.0 = Release|Win32
	EndGlobalSection
	GlobalSection(SolutionProperties) = preSolution
		HideSolutionNode = FALSE
	EndGlobalSection
	GlobalSection(ExtensibilityGlobals) = postSolution
		SolutionGuid = {EE223383-AEDB-408D-9BDC-B2470AB0A323}
	EndGlobalSection
EndGlobal
